Microsoft Visual Studio Solution File, Format Version 12.00
# Visual Studio Version 17
VisualStudioVersion = 17.9.34728.123
MinimumVisualStudioVersion = 10.0.40219.1
Project("{FAE04EC0-301F-11D3-BF4B-00C04F79EFBC}") = "WeeklyPlanner.Core", "WeeklyPlanner.Core\WeeklyPlanner.Core.csproj", "{199553A3-C19D-402A-AFC8-7B3E95E7CAF8}"
EndProject
Project("{FAE04EC0-301F-11D3-BF4B-00C04F79EFBC}") = "WeeklyPlanner.App", "WeeklyPlanner.App\WeeklyPlanner.App.csproj", "{936A820B-71E0-4EE6-9C2A-E12FB849D0EC}"
EndProject
Project("{FAE04EC0-301F-11D3-BF4B-00C04F79EFBC}") = "WeeklyPlanner.Tests", "WeeklyPlanner.Tests\WeeklyPlanner.Tests.csproj", "{14DB946B-699B-410F-B562-135C08CFE3E8}"
EndProject
Global
	GlobalSection(SolutionConfigurationPlatforms) = preSolution
		Debug|Any CPU = Debug|Any CPU
		Release|Any CPU = Release|Any CPU
	EndGlobalSection
	GlobalSection(ProjectConfigurationPlatforms) = postSolution
		{199553A3-C19D-402A-AFC8-7B3E95E7CAF8}.Debug|Any CPU.ActiveCfg = Debug|Any CPU
		{199553A3-C19D-402A-AFC8-7B3E95E7CAF8}.Debug|Any CPU.Build.0 = Debug|Any CPU
		{199553A3-C19D-402A-AFC8-7B3E95E7CAF8}.Release|Any CPU.ActiveCfg = Release|Any CPU
		{199553A3-C19D-402A-AFC8-7B3E95E7CAF8}.Release|Any CPU.Build.0 = Release|Any CPU
		{936A820B-71E0-4EE6-9C2A-E12FB849D0EC}.Debug|Any CPU.ActiveCfg = Debug|Any CPU
		{936A820B-71E0-4EE6-9C2A-E12FB849D0EC}.Debug|Any CPU.Build.0 = Debug|Any CPU
		{936A820B-71E0-4EE6-9C2A-E12FB849D0EC}.Release|Any CPU.ActiveCfg = Release|Any CPU
		{936A820B-71E0-4EE6-9C2A-E12FB849D0EC}.Release|Any CPU.Build.0 = Release|Any CPU
		{14DB946B-699B-410F-B562-135C08CFE3E8}.Debug|Any CPU.ActiveCfg = Debug|Any CPU
		{14DB946B-699B-410F-B562-135C08CFE3E8}.Debug|Any CPU.Build.0 = Debug|Any CPU
		{14DB946B-699B-410F-B562-135C08CFE3E8}.Release|Any CPU.ActiveCfg = Release|Any CPU
		{14DB946B-699B-410F-B562-135C08CFE3E8}.Release|Any CPU.Build.0 = Release|Any CPU
	EndGlobalSection
	GlobalSection(SolutionProperties) = preSolution
		HideSolutionNode = FALSE
	EndGlobalSection
EndGlobal
